
Microsoft Visual Studio Solution File, Format Version 12.00
# Visual Studio Version 16
VisualStudioVersion = 16.0.32106.194
MinimumVisualStudioVersion = 10.0.40219.1
Project("{9A19103F-16F7-4668-BE54-9A1E7A4F7556}") = "BalanceManager.Api", "BalanceManager.Api\BalanceManager.Api.csproj", "{CEB36015-B28B-4D8F-A8D0-F0E7DF71933D}"
EndProject
Project("{9A19103F-16F7-4668-BE54-9A1E7A4F7556}") = "BalanceManager.Application", "BalanceManager.Application\BalanceManager.Application.csproj", "{B9AC5C6B-78C0-4BBA-BDD6-3755879A3811}"
EndProject
Project("{9A19103F-16F7-4668-BE54-9A1E7A4F7556}") = "BalanceManager.Core", "BalanceManager.Core\BalanceManager.Core.csproj", "{353FB662-EF6D-4CC9-8BF6-E1EFB051C313}"
EndProject
Project("{9A19103F-16F7-4668-BE54-9A1E7A4F7556}") = "BalanceManager.Infrastructure", "BalanceManager.Infrastructure\BalanceManager.Infrastructure.csproj", "{F0AFB00D-2E7E-426A-8E1A-10F986A6B0F9}"
EndProject
Global
	GlobalSection(SolutionConfigurationPlatforms) = preSolution
		Debug|Any CPU = Debug|Any CPU
		Release|Any CPU = Release|Any CPU
	EndGlobalSection
	GlobalSection(ProjectConfigurationPlatforms) = postSolution
		{CEB36015-B28B-4D8F-A8D0-F0E7DF71933D}.Debug|Any CPU.ActiveCfg = Debug|Any CPU
		{CEB36015-B28B-4D8F-A8D0-F0E7DF71933D}.Debug|Any CPU.Build.0 = Debug|Any CPU
		{CEB36015-B28B-4D8F-A8D0-F0E7DF71933D}.Release|Any CPU.ActiveCfg = Release|Any CPU
		{CEB36015-B28B-4D8F-A8D0-F0E7DF71933D}.Release|Any CPU.Build.0 = Release|Any CPU
		{B9AC5C6B-78C0-4BBA-BDD6-3755879A3811}.Debug|Any CPU.ActiveCfg = Debug|Any CPU
		{B9AC5C6B-78C0-4BBA-BDD6-3755879A3811}.Debug|Any CPU.Build.0 = Debug|Any CPU
		{B9AC5C6B-78C0-4BBA-BDD6-3755879A3811}.Release|Any CPU.ActiveCfg = Release|Any CPU
		{B9AC5C6B-78C0-4BBA-BDD6-3755879A3811}.Release|Any CPU.Build.0 = Release|Any CPU
		{353FB662-EF6D-4CC9-8BF6-E1EFB051C313}.Debug|Any CPU.ActiveCfg = Debug|Any CPU
		{353FB662-EF6D-4CC9-8BF6-E1EFB051C313}.Debug|Any CPU.Build.0 = Debug|Any CPU
		{353FB662-EF6D-4CC9-8BF6-E1EFB051C313}.Release|Any CPU.ActiveCfg = Release|Any CPU
		{353FB662-EF6D-4CC9-8BF6-E1EFB051C313}.Release|Any CPU.Build.0 = Release|Any CPU
		{F0AFB00D-2E7E-426A-8E1A-10F986A6B0F9}.Debug|Any CPU.ActiveCfg = Debug|Any CPU
		{F0AFB00D-2E7E-426A-8E1A-10F986A6B0F9}.Debug|Any CPU.Build.0 = Debug|Any CPU
		{F0AFB00D-2E7E-426A-8E1A-10F986A6B0F9}.Release|Any CPU.ActiveCfg = Release|Any CPU
		{F0AFB00D-2E7E-426A-8E1A-10F986A6B0F9}.Release|Any CPU.Build.0 = Release|Any CPU
	EndGlobalSection
	GlobalSection(SolutionProperties) = preSolution
		HideSolutionNode = FALSE
	EndGlobalSection
	GlobalSection(ExtensibilityGlobals) = postSolution
		SolutionGuid = {654DE9B3-2ABE-4336-BC7E-FA23511E0431}
	EndGlobalSection
EndGlobal
